
Microsoft Visual Studio Solution File, Format Version 12.00
Project("{FAE04EC0-301F-11D3-BF4B-00C04F79EFBC}") = "PostalApiClient", "PostalApiClient\PostalApiClient.csproj", "{AE68549E-BB78-4661-9990-868BEA2E7170}"
EndProject
Project("{FAE04EC0-301F-11D3-BF4B-00C04F79EFBC}") = "Demo", "Demo\Demo.csproj", "{A2A52795-89BE-4FEC-BB45-5494B0924804}"
EndProject
Project("{FAE04EC0-301F-11D3-BF4B-00C04F79EFBC}") = "PostalApiClient.Mvc.Extensions", "PostalApiClient.Mvc.Extensions\PostalApiClient.Mvc.Extensions.csproj", "{019D1453-A8D2-4DC1-9113-F7C2D60B7EB9}"
EndProject
Global
	GlobalSection(SolutionConfigurationPlatforms) = preSolution
		Debug|Any CPU = Debug|Any CPU
		Release|Any CPU = Release|Any CPU
	EndGlobalSection
	GlobalSection(ProjectConfigurationPlatforms) = postSolution
		{AE68549E-BB78-4661-9990-868BEA2E7170}.Debug|Any CPU.ActiveCfg = Debug|Any CPU
		{AE68549E-BB78-4661-9990-868BEA2E7170}.Debug|Any CPU.Build.0 = Debug|Any CPU
		{AE68549E-BB78-4661-9990-868BEA2E7170}.Release|Any CPU.ActiveCfg = Release|Any CPU
		{AE68549E-BB78-4661-9990-868BEA2E7170}.Release|Any CPU.Build.0 = Release|Any CPU
		{A2A52795-89BE-4FEC-BB45-5494B0924804}.Debug|Any CPU.ActiveCfg = Debug|Any CPU
		{A2A52795-89BE-4FEC-BB45-5494B0924804}.Debug|Any CPU.Build.0 = Debug|Any CPU
		{A2A52795-89BE-4FEC-BB45-5494B0924804}.Release|Any CPU.ActiveCfg = Release|Any CPU
		{A2A52795-89BE-4FEC-BB45-5494B0924804}.Release|Any CPU.Build.0 = Release|Any CPU
		{019D1453-A8D2-4DC1-9113-F7C2D60B7EB9}.Debug|Any CPU.ActiveCfg = Debug|Any CPU
		{019D1453-A8D2-4DC1-9113-F7C2D60B7EB9}.Debug|Any CPU.Build.0 = Debug|Any CPU
		{019D1453-A8D2-4DC1-9113-F7C2D60B7EB9}.Release|Any CPU.ActiveCfg = Release|Any CPU
		{019D1453-A8D2-4DC1-9113-F7C2D60B7EB9}.Release|Any CPU.Build.0 = Release|Any CPU
	EndGlobalSection
EndGlobal
